
Microsoft Visual Studio Solution File, Format Version 12.00
# Visual Studio 15
VisualStudioVersion = 15.0.28010.2050
MinimumVisualStudioVersion = 10.0.40219.1
Project("{FAE04EC0-301F-11D3-BF4B-00C04F79EFBC}") = "eCommerceMVC", "eCommerceMVC\eCommerceMVC.csproj", "{FC294899-8AEE-419B-96CA-359A55735A65}"
EndProject
Global
	GlobalSection(SolutionConfigurationPlatforms) = preSolution
		Debug|Any CPU = Debug|Any CPU
		Release|Any CPU = Release|Any CPU
	EndGlobalSection
	GlobalSection(ProjectConfigurationPlatforms) = postSolution
		{FC294899-8AEE-419B-96CA-359A55735A65}.Debug|Any CPU.ActiveCfg = Debug|Any CPU
		{FC294899-8AEE-419B-96CA-359A55735A65}.Debug|Any CPU.Build.0 = Debug|Any CPU
		{FC294899-8AEE-419B-96CA-359A55735A65}.Release|Any CPU.ActiveCfg = Release|Any CPU
		{FC294899-8AEE-419B-96CA-359A55735A65}.Release|Any CPU.Build.0 = Release|Any CPU
	EndGlobalSection
	GlobalSection(SolutionProperties) = preSolution
		HideSolutionNode = FALSE
	EndGlobalSection
	GlobalSection(ExtensibilityGlobals) = postSolution
		SolutionGuid = {54A2BDEE-3A07-4E2A-9561-74943A077734}
	EndGlobalSection
EndGlobal
